
Microsoft Visual Studio Solution File, Format Version 12.00
# Visual Studio Version 17
VisualStudioVersion = 17.10.35013.160
MinimumVisualStudioVersion = 10.0.40219.1
Project("{2150E333-8FDC-42A3-9474-1A3956D46DE8}") = "Server", "Server", "{2BD5D134-8F0D-4D98-BA83-E78AC83F706C}"
EndProject
Project("{9A19103F-16F7-4668-BE54-9A1E7A4F7556}") = "EventManagment.Models", "EventManagment.Models\EventManagment.Models.csproj", "{1F68477C-F0F5-4F03-85A5-CE021D605432}"
EndProject
Project("{9A19103F-16F7-4668-BE54-9A1E7A4F7556}") = "EventManagment.API", "EventManagment.API\EventManagment.API.csproj", "{E4F96E16-163D-478D-88E2-614B1EC0E96A}"
EndProject
Project("{2150E333-8FDC-42A3-9474-1A3956D46DE8}") = "Client", "Client", "{0CD7599C-3773-446E-9651-74BAF27257F1}"
EndProject
Project("{9A19103F-16F7-4668-BE54-9A1E7A4F7556}") = "EventManagment.Blazor", "EventManagment.Blazor\EventManagment.Blazor.csproj", "{5146BCFA-905A-473F-B17B-B1900D83E777}"
EndProject
Project("{FAE04EC0-301F-11D3-BF4B-00C04F79EFBC}") = "EventManagment.Repositories", "EventManagment.Repositories\EventManagment.Repositories.csproj", "{A6D5BDC5-3D63-4B68-8E5E-6625626DDC1B}"
EndProject
Global
	GlobalSection(SolutionConfigurationPlatforms) = preSolution
		Debug|Any CPU = Debug|Any CPU
		Release|Any CPU = Release|Any CPU
	EndGlobalSection
	GlobalSection(ProjectConfigurationPlatforms) = postSolution
		{1F68477C-F0F5-4F03-85A5-CE021D605432}.Debug|Any CPU.ActiveCfg = Debug|Any CPU
		{1F68477C-F0F5-4F03-85A5-CE021D605432}.Debug|Any CPU.Build.0 = Debug|Any CPU
		{1F68477C-F0F5-4F03-85A5-CE021D605432}.Release|Any CPU.ActiveCfg = Release|Any CPU
		{1F68477C-F0F5-4F03-85A5-CE021D605432}.Release|Any CPU.Build.0 = Release|Any CPU
		{E4F96E16-163D-478D-88E2-614B1EC0E96A}.Debug|Any CPU.ActiveCfg = Debug|Any CPU
		{E4F96E16-163D-478D-88E2-614B1EC0E96A}.Debug|Any CPU.Build.0 = Debug|Any CPU
		{E4F96E16-163D-478D-88E2-614B1EC0E96A}.Release|Any CPU.ActiveCfg = Release|Any CPU
		{E4F96E16-163D-478D-88E2-614B1EC0E96A}.Release|Any CPU.Build.0 = Release|Any CPU
		{5146BCFA-905A-473F-B17B-B1900D83E777}.Debug|Any CPU.ActiveCfg = Debug|Any CPU
		{5146BCFA-905A-473F-B17B-B1900D83E777}.Debug|Any CPU.Build.0 = Debug|Any CPU
		{5146BCFA-905A-473F-B17B-B1900D83E777}.Release|Any CPU.ActiveCfg = Release|Any CPU
		{5146BCFA-905A-473F-B17B-B1900D83E777}.Release|Any CPU.Build.0 = Release|Any CPU
		{A6D5BDC5-3D63-4B68-8E5E-6625626DDC1B}.Debug|Any CPU.ActiveCfg = Debug|Any CPU
		{A6D5BDC5-3D63-4B68-8E5E-6625626DDC1B}.Debug|Any CPU.Build.0 = Debug|Any CPU
		{A6D5BDC5-3D63-4B68-8E5E-6625626DDC1B}.Release|Any CPU.ActiveCfg = Release|Any CPU
		{A6D5BDC5-3D63-4B68-8E5E-6625626DDC1B}.Release|Any CPU.Build.0 = Release|Any CPU
	EndGlobalSection
	GlobalSection(SolutionProperties) = preSolution
		HideSolutionNode = FALSE
	EndGlobalSection
	GlobalSection(NestedProjects) = preSolution
		{1F68477C-F0F5-4F03-85A5-CE021D605432} = {2BD5D134-8F0D-4D98-BA83-E78AC83F706C}
		{E4F96E16-163D-478D-88E2-614B1EC0E96A} = {2BD5D134-8F0D-4D98-BA83-E78AC83F706C}
		{5146BCFA-905A-473F-B17B-B1900D83E777} = {0CD7599C-3773-446E-9651-74BAF27257F1}
		{A6D5BDC5-3D63-4B68-8E5E-6625626DDC1B} = {2BD5D134-8F0D-4D98-BA83-E78AC83F706C}
	EndGlobalSection
	GlobalSection(ExtensibilityGlobals) = postSolution
		SolutionGuid = {FF2F2A0D-F3B6-4CB3-982A-9FEDE05B99F4}
	EndGlobalSection
EndGlobal
